{
    "_readme": [
        "This file locks the dependencies of your project to a known state",
        "Read more about it at https://getcomposer.org/doc/01-basic-usage.md#composer-lock-the-lock-file",
        "This file is @generated automatically"
    ],
    "hash": "a9beed0cef441352ee8bdbac756fb4b7",
    "content-hash": "95030f584803577f20f1b28d389f850e",
    "packages": [
        {
            "name": "dgame/php-http-client",
            "version": "dev-master",
            "source": {
                "type": "git",
                "url": "https://github.com/Dgame/php-http-client.git",
                "reference": "9c4d469bf1cba3a377d7e657b20a8046e714f666"
            },
            "dist": {
                "type": "zip",
                "url": "https://api.github.com/repos/Dgame/php-http-client/zipball/9c4d469bf1cba3a377d7e657b20a8046e714f666",
                "reference": "9c4d469bf1cba3a377d7e657b20a8046e714f666",
                "shasum": ""
            },
            "require": {
                "dgame/php-time": "*",
                "php": ">=7.0"
            },
            "require-dev": {
                "phpunit/phpunit": "5.*.*"
            },
            "type": "library",
            "autoload": {
                "classmap": [
                    "src/"
                ],
                "psr-4": {
                    "Dgame\\HttpClient\\": "src/"
                }
            },
            "notification-url": "https://packagist.org/downloads/",
            "license": [
                "MIT"
            ],
            "authors": [
                {
                    "name": "Randy Schütt",
                    "email": "rswhite4@gmail.com"
                }
            ],
            "description": "php http client",
            "homepage": "https://github.com/php-http-client",
            "keywords": [
                "Http Connection",
                "curl",
                "http",
                "http client",
                "request",
                "response"
            ],
            "time": "2016-08-22 13:08:02"
        },
        {
            "name": "dgame/php-time",
            "version": "dev-master",
            "source": {
                "type": "git",
                "url": "https://github.com/Dgame/php-time.git",
                "reference": "8425b7c1425fe7dc4ec4f174e65a83700d05a8f4"
            },
            "dist": {
                "type": "zip",
                "url": "https://api.github.com/repos/Dgame/php-time/zipball/8425b7c1425fe7dc4ec4f174e65a83700d05a8f4",
                "reference": "8425b7c1425fe7dc4ec4f174e65a83700d05a8f4",
                "shasum": ""
            },
            "require": {
                "php": ">=7.0"
            },
            "require-dev": {
                "phpunit/phpunit": "5.*.*"
            },
            "type": "library",
            "autoload": {
                "classmap": [
                    "src/"
                ],
                "files": [
                    "src/Unit/TimeUnit.php"
                ],
                "psr-4": {
                    "Dgame\\Time\\": "src/"
                }
            },
            "notification-url": "https://packagist.org/downloads/",
            "license": [
                "MIT"
            ],
            "authors": [
                {
                    "name": "Randy Schütt",
                    "email": "rswhite4@gmail.com"
                }
            ],
            "description": "php time conversion",
            "homepage": "https://github.com/php-time",
            "keywords": [
                "Time conversion",
                "clock",
                "date",
                "time",
                "timer"
            ],
            "time": "2016-08-11 13:36:05"
        },
        {
            "name": "webmil/text-language-detect",
            "version": "dev-master",
            "source": {
                "type": "git",
                "url": "https://github.com/webmil/text-language-detect.git",
                "reference": "11a3520b75edc1f8e037bc1dac710ba2352634cd"
            },
            "dist": {
                "type": "zip",
                "url": "https://api.github.com/repos/webmil/text-language-detect/zipball/11a3520b75edc1f8e037bc1dac710ba2352634cd",
                "reference": "11a3520b75edc1f8e037bc1dac710ba2352634cd",
                "shasum": ""
            },
            "require": {
                "php": ">=5.3.0"
            },
            "type": "library",
            "autoload": {
                "psr-0": {
                    "TextLanguageDetect\\": "lib/"
                }
            },
            "notification-url": "https://packagist.org/downloads/",
            "license": [
                "BSD"
            ],
            "authors": [
                {
                    "name": "Nicholas Pisarro",
                    "email": "infinityminusnine+pear@gmail.com"
                },
                {
                    "name": "Popadjuk Oleh",
                    "email": "superdodman@gmail.com"
                },
                {
                    "name": "Webmil",
                    "email": "info@webmil.com.ua"
                }
            ],
            "description": "Detects the language of a given piece of text.",
            "homepage": "http://pear.php.net/package/Text_LanguageDetect",
            "keywords": [
                "detect",
                "language"
            ],
            "time": "2014-09-25 20:53:15"
        }
    ],
    "packages-dev": [],
    "aliases": [],
    "minimum-stability": "dev",
    "stability-flags": {
        "dgame/php-http-client": 20,
        "webmil/text-language-detect": 20
    },
    "prefer-stable": false,
    "prefer-lowest": false,
    "platform": [],
    "platform-dev": []
}
